// !$*UTF8*$!
{
	archiveVersion = 1;
	classes = {
	};
	objectVersion = 46;
	objects = {

/* Begin PBXBuildFile section */
		711A415A1D17B931009F2B56 /* main.m in Sources */ = {isa = PBXBuildFile; fileRef = 711A41591D17B931009F2B56 /* main.m */; };
		711A415D1D17B931009F2B56 /* AppDelegate.m in Sources */ = {isa = PBXBuildFile; fileRef = 711A415C1D17B931009F2B56 /* AppDelegate.m */; };
		711A41601D17B931009F2B56 /* MainViewController.m in Sources */ = {isa = PBXBuildFile; fileRef = 711A415F1D17B931009F2B56 /* MainViewController.m */; };
		711A41651D17B931009F2B56 /* Assets.xcassets in Resources */ = {isa = PBXBuildFile; fileRef = 711A41641D17B931009F2B56 /* Assets.xcassets */; };
		711A41681D17B931009F2B56 /* LaunchScreen.storyboard in Resources */ = {isa = PBXBuildFile; fileRef = 711A41661D17B931009F2B56 /* LaunchScreen.storyboard */; };
		711A41711D17C7D6009F2B56 /* YFKit.m in Sources */ = {isa = PBXBuildFile; fileRef = 711A41701D17C7D6009F2B56 /* YFKit.m */; };
		711A41751D17D497009F2B56 /* DeniedAuthViewController.m in Sources */ = {isa = PBXBuildFile; fileRef = 711A41731D17D497009F2B56 /* DeniedAuthViewController.m */; };
		711A41761D17D497009F2B56 /* DeniedAuthViewController.xib in Resources */ = {isa = PBXBuildFile; fileRef = 711A41741D17D497009F2B56 /* DeniedAuthViewController.xib */; };
		F5DA2A2DB0E13963DC79F94C /* libPods-AuthorityOfCameraAndPhoto.a in Frameworks */ = {isa = PBXBuildFile; fileRef = CE09C4A4276E7A140ABAEA0C /* libPods-AuthorityOfCameraAndPhoto.a */; };
/* End PBXBuildFile section */

/* Begin PBXFileReference section */
		711A41551D17B931009F2B56 /* AuthorityOfCameraAndPhoto.app */ = {isa = PBXFileReference; explicitFileType = wrapper.application; includeInIndex = 0; path = AuthorityOfCameraAndPhoto.app; sourceTree = BUILT_PRODUCTS_DIR; };
		711A41591D17B931009F2B56 /* main.m */ = {isa = PBXFileReference; lastKnownFileType = sourcecode.c.objc; path = main.m; sourceTree = "<group>"; };
		711A415B1D17B931009F2B56 /* AppDelegate.h */ = {isa = PBXFileReference; lastKnownFileType = sourcecode.c.h; path = AppDelegate.h; sourceTree = "<group>"; };
		711A415C1D17B931009F2B56 /* AppDelegate.m */ = {isa = PBXFileReference; lastKnownFileType = sourcecode.c.objc; path = AppDelegate.m; sourceTree = "<group>"; };
		711A415E1D17B931009F2B56 /* MainViewController.h */ = {isa = PBXFileReference; lastKnownFileType = sourcecode.c.h; path = MainViewController.h; sourceTree = "<group>"; };
		711A415F1D17B931009F2B56 /* MainViewController.m */ = {isa = PBXFileReference; lastKnownFileType = sourcecode.c.objc; path = MainViewController.m; sourceTree = "<group>"; };
		711A41641D17B931009F2B56 /* Assets.xcassets */ = {isa = PBXFileReference; lastKnownFileType = folder.assetcatalog; path = Assets.xcassets; sourceTree = "<group>"; };
		711A41671D17B931009F2B56 /* Base */ = {isa = PBXFileReference; lastKnownFileType = file.storyboard; name = Base; path = Base.lproj/LaunchScreen.storyboard; sourceTree = "<group>"; };
		711A41691D17B931009F2B56 /* Info.plist */ = {isa = PBXFileReference; lastKnownFileType = text.plist.xml; path = Info.plist; sourceTree = "<group>"; };
		711A416F1D17C7D6009F2B56 /* YFKit.h */ = {isa = PBXFileReference; fileEncoding = 4; lastKnownFileType = sourcecode.c.h; path = YFKit.h; sourceTree = "<group>"; };
		711A41701D17C7D6009F2B56 /* YFKit.m */ = {isa = PBXFileReference; fileEncoding = 4; lastKnownFileType = sourcecode.c.objc; path = YFKit.m; sourceTree = "<group>"; };
		711A41721D17D497009F2B56 /* DeniedAuthViewController.h */ = {isa = PBXFileReference; fileEncoding = 4; lastKnownFileType = sourcecode.c.h; path = DeniedAuthViewController.h; sourceTree = "<group>"; };
		711A41731D17D497009F2B56 /* DeniedAuthViewController.m */ = {isa = PBXFileReference; fileEncoding = 4; lastKnownFileType = sourcecode.c.objc; path = DeniedAuthViewController.m; sourceTree = "<group>"; };
		711A41741D17D497009F2B56 /* DeniedAuthViewController.xib */ = {isa = PBXFileReference; fileEncoding = 4; lastKnownFileType = file.xib; path = DeniedAuthViewController.xib; sourceTree = "<group>"; };
		A849189F57189D59B68B58DF /* Pods-AuthorityOfCameraAndPhoto.release.xcconfig */ = {isa = PBXFileReference; includeInIndex = 1; lastKnownFileType = text.xcconfig; name = "Pods-AuthorityOfCameraAndPhoto.release.xcconfig"; path = "Pods/Target Support Files/Pods-AuthorityOfCameraAndPhoto/Pods-AuthorityOfCameraAndPhoto.release.xcconfig"; sourceTree = "<group>"; };
		BAF54B3EC0C15CFC76A4FDB8 /* Pods-AuthorityOfCameraAndPhoto.debug.xcconfig */ = {isa = PBXFileReference; includeInIndex = 1; lastKnownFileType = text.xcconfig; name = "Pods-AuthorityOfCameraAndPhoto.debug.xcconfig"; path = "Pods/Target Support Files/Pods-AuthorityOfCameraAndPhoto/Pods-AuthorityOfCameraAndPhoto.debug.xcconfig"; sourceTree = "<group>"; };
		CE09C4A4276E7A140ABAEA0C /* libPods-AuthorityOfCameraAndPhoto.a */ = {isa = PBXFileReference; explicitFileType = archive.ar; includeInIndex = 0; path = "libPods-AuthorityOfCameraAndPhoto.a"; sourceTree = BUILT_PRODUCTS_DIR; };
/* End PBXFileReference section */

/* Begin PBXFrameworksBuildPhase section */
		711A41521D17B931009F2B56 /* Frameworks */ = {
			isa = PBXFrameworksBuildPhase;
			buildActionMask = 2147483647;
			files = (
				F5DA2A2DB0E13963DC79F94C /* libPods-AuthorityOfCameraAndPhoto.a in Frameworks */,
			);
			runOnlyForDeploymentPostprocessing = 0;
		};
/* End PBXFrameworksBuildPhase section */

/* Begin PBXGroup section */
		0E5CD36DC0B7AD0849698F04 /* Pods */ = {
			isa = PBXGroup;
			children = (
				BAF54B3EC0C15CFC76A4FDB8 /* Pods-AuthorityOfCameraAndPhoto.debug.xcconfig */,
				A849189F57189D59B68B58DF /* Pods-AuthorityOfCameraAndPhoto.release.xcconfig */,
			);
			name = Pods;
			sourceTree = "<group>";
		};
		711A414C1D17B931009F2B56 = {
			isa = PBXGroup;
			children = (
				711A41571D17B931009F2B56 /* AuthorityOfCameraAndPhoto */,
				711A41561D17B931009F2B56 /* Products */,
				0E5CD36DC0B7AD0849698F04 /* Pods */,
				F9C66A05D792078876DB2D61 /* Frameworks */,
			);
			sourceTree = "<group>";
		};
		711A41561D17B931009F2B56 /* Products */ = {
			isa = PBXGroup;
			children = (
				711A41551D17B931009F2B56 /* AuthorityOfCameraAndPhoto.app */,
			);
			name = Products;
			sourceTree = "<group>";
		};
		711A41571D17B931009F2B56 /* AuthorityOfCameraAndPhoto */ = {
			isa = PBXGroup;
			children = (
				711A415B1D17B931009F2B56 /* AppDelegate.h */,
				711A415C1D17B931009F2B56 /* AppDelegate.m */,
				711A415E1D17B931009F2B56 /* MainViewController.h */,
				711A415F1D17B931009F2B56 /* MainViewController.m */,
				711A41721D17D497009F2B56 /* DeniedAuthViewController.h */,
				711A41731D17D497009F2B56 /* DeniedAuthViewController.m */,
				711A41741D17D497009F2B56 /* DeniedAuthViewController.xib */,
				711A416F1D17C7D6009F2B56 /* YFKit.h */,
				711A41701D17C7D6009F2B56 /* YFKit.m */,
				711A41641D17B931009F2B56 /* Assets.xcassets */,
				711A41661D17B931009F2B56 /* LaunchScreen.storyboard */,
				711A41691D17B931009F2B56 /* Info.plist */,
				711A41581D17B931009F2B56 /* Supporting Files */,
			);
			path = AuthorityOfCameraAndPhoto;
			sourceTree = "<group>";
		};
		711A41581D17B931009F2B56 /* Supporting Files */ = {
			isa = PBXGroup;
			children = (
				711A41591D17B931009F2B56 /* main.m */,
			);
			name = "Supporting Files";
			sourceTree = "<group>";
		};
		F9C66A05D792078876DB2D61 /* Frameworks */ = {
			isa = PBXGroup;
			children = (
				CE09C4A4276E7A140ABAEA0C /* libPods-AuthorityOfCameraAndPhoto.a */,
			);
			name = Frameworks;
			sourceTree = "<group>";
		};
/* End PBXGroup section */

/* Begin PBXNativeTarget section */
		711A41541D17B931009F2B56 /* AuthorityOfCameraAndPhoto */ = {
			isa = PBXNativeTarget;
			buildConfigurationList = 711A416C1D17B931009F2B56 /* Build configuration list for PBXNativeTarget "AuthorityOfCameraAndPhoto" */;
			buildPhases = (
				B028D392FAC40BC190A4D7AC /* [CP] Check Pods Manifest.lock */,
				711A41511D17B931009F2B56 /* Sources */,
				711A41521D17B931009F2B56 /* Frameworks */,
				711A41531D17B931009F2B56 /* Resources */,
				945F2079C2C51D01E20D48D1 /* [CP] Embed Pods Frameworks */,
				6DBCC0DF834320CAC63B0171 /* [CP] Copy Pods Resources */,
			);
			buildRules = (
			);
			dependencies = (
			);
			name = AuthorityOfCameraAndPhoto;
			productName = AuthorityOfCameraAndPhoto;
			productReference = 711A41551D17B931009F2B56 /* AuthorityOfCameraAndPhoto.app */;
			productType = "com.apple.product-type.application";
		};
/* End PBXNativeTarget section */

/* Begin PBXProject section */
		711A414D1D17B931009F2B56 /* Project object */ = {
			isa = PBXProject;
			attributes = {
				LastUpgradeCheck = 0720;
				ORGANIZATIONNAME = chenyufengweb;
				TargetAttributes = {
					711A41541D17B931009F2B56 = {
						CreatedOnToolsVersion = 7.2;
					};
				};
			};
			buildConfigurationList = 711A41501D17B931009F2B56 /* Build configuration list for PBXProject "AuthorityOfCameraAndPhoto" */;
			compatibilityVersion = "Xcode 3.2";
			developmentRegion = English;
			hasScannedForEncodings = 0;
			knownRegions = (
				en,
				Base,
			);
			mainGroup = 711A414C1D17B931009F2B56;
			productRefGroup = 711A41561D17B931009F2B56 /* Products */;
			projectDirPath = "";
			projectRoot = "";
			targets = (
				711A41541D17B931009F2B56 /* AuthorityOfCameraAndPhoto */,
			);
		};
/* End PBXProject section */

/* Begin PBXResourcesBuildPhase section */
		711A41531D17B931009F2B56 /* Resources */ = {
			isa = PBXResourcesBuildPhase;
			buildActionMask = 2147483647;
			files = (
				711A41761D17D497009F2B56 /* DeniedAuthViewController.xib in Resources */,
				711A41681D17B931009F2B56 /* LaunchScreen.storyboard in Resources */,
				711A41651D17B931009F2B56 /* Assets.xcassets in Resources */,
			);
			runOnlyForDeploymentPostprocessing = 0;
		};
/* End PBXResourcesBuildPhase section */

/* Begin PBXShellScriptBuildPhase section */
		6DBCC0DF834320CAC63B0171 /* [CP] Copy Pods Resources */ = {
			isa = PBXShellScriptBuildPhase;
			buildActionMask = 2147483647;
			files = (
			);
			inputPaths = (
			);
			name = "[CP] Copy Pods Resources";
			outputPaths = (
			);
			runOnlyForDeploymentPostprocessing = 0;
			shellPath = /bin/sh;
			shellScript = "\"${SRCROOT}/Pods/Target Support Files/Pods-AuthorityOfCameraAndPhoto/Pods-AuthorityOfCameraAndPhoto-resources.sh\"\n";
			showEnvVarsInLog = 0;
		};
		945F2079C2C51D01E20D48D1 /* [CP] Embed Pods Frameworks */ = {
			isa = PBXShellScriptBuildPhase;
			buildActionMask = 2147483647;
			files = (
			);
			inputPaths = (
			);
			name = "[CP] Embed Pods Frameworks";
			outputPaths = (
			);
			runOnlyForDeploymentPostprocessing = 0;
			shellPath = /bin/sh;
			shellScript = "\"${SRCROOT}/Pods/Target Support Files/Pods-AuthorityOfCameraAndPhoto/Pods-AuthorityOfCameraAndPhoto-frameworks.sh\"\n";
			showEnvVarsInLog = 0;
		};
		B028D392FAC40BC190A4D7AC /* [CP] Check Pods Manifest.lock */ = {
			isa = PBXShellScriptBuildPhase;
			buildActionMask = 2147483647;
			files = (
			);
			inputPaths = (
			);
			name = "[CP] Check Pods Manifest.lock";
			outputPaths = (
			);
			runOnlyForDeploymentPostprocessing = 0;
			shellPath = /bin/sh;
			shellScript = "diff \"${PODS_ROOT}/../Podfile.lock\" \"${PODS_ROOT}/Manifest.lock\" > /dev/null\nif [[ $? != 0 ]] ; then\n    cat << EOM\nerror: The sandbox is not in sync with the Podfile.lock. Run 'pod install' or update your CocoaPods installation.\nEOM\n    exit 1\nfi\n";
			showEnvVarsInLog = 0;
		};
/* End PBXShellScriptBuildPhase section */

/* Begin PBXSourcesBuildPhase section */
		711A41511D17B931009F2B56 /* Sources */ = {
			isa = PBXSourcesBuildPhase;
			buildActionMask = 2147483647;
			files = (
				711A41751D17D497009F2B56 /* DeniedAuthViewController.m in Sources */,
				711A41601D17B931009F2B56 /* MainViewController.m in Sources */,
				711A41711D17C7D6009F2B56 /* YFKit.m in Sources */,
				711A415D1D17B931009F2B56 /* AppDelegate.m in Sources */,
				711A415A1D17B931009F2B56 /* main.m in Sources */,
			);
			runOnlyForDeploymentPostprocessing = 0;
		};
/* End PBXSourcesBuildPhase section */

/* Begin PBXVariantGroup section */
		711A41661D17B931009F2B56 /* LaunchScreen.storyboard */ = {
			isa = PBXVariantGroup;
			children = (
				711A41671D17B931009F2B56 /* Base */,
			);
			name = LaunchScreen.storyboard;
			sourceTree = "<group>";
		};
/* End PBXVariantGroup section */

/* Begin XCBuildConfiguration section */
		711A416A1D17B931009F2B56 /* Debug */ = {
			isa = XCBuildConfiguration;
			buildSettings = {
				ALWAYS_SEARCH_USER_PATHS = NO;
				CLANG_CXX_LANGUAGE_STANDARD = "gnu++0x";
				CLANG_CXX_LIBRARY = "libc++";
				CLANG_ENABLE_MODULES = YES;
				CLANG_ENABLE_OBJC_ARC = YES;
				CLANG_WARN_BOOL_CONVERSION = YES;
				CLANG_WARN_CONSTANT_CONVERSION = YES;
				CLANG_WARN_DIRECT_OBJC_ISA_USAGE = YES_ERROR;
				CLANG_WARN_EMPTY_BODY = YES;
				CLANG_WARN_ENUM_CONVERSION = YES;
				CLANG_WARN_INT_CONVERSION = YES;
				CLANG_WARN_OBJC_ROOT_CLASS = YES_ERROR;
				CLANG_WARN_UNREACHABLE_CODE = YES;
				CLANG_WARN__DUPLICATE_METHOD_MATCH = YES;
				"CODE_SIGN_IDENTITY[sdk=iphoneos*]" = "iPhone Developer";
				COPY_PHASE_STRIP = NO;
				DEBUG_INFORMATION_FORMAT = dwarf;
				ENABLE_STRICT_OBJC_MSGSEND = YES;
				ENABLE_TESTABILITY = YES;
				GCC_C_LANGUAGE_STANDARD = gnu99;
				GCC_DYNAMIC_NO_PIC = NO;
				GCC_NO_COMMON_BLOCKS = YES;
				GCC_OPTIMIZATION_LEVEL = 0;
				GCC_PREPROCESSOR_DEFINITIONS = (
					"DEBUG=1",
					"$(inherited)",
				);
				GCC_WARN_64_TO_32_BIT_CONVERSION = YES;
				GCC_WARN_ABOUT_RETURN_TYPE = YES_ERROR;
				GCC_WARN_UNDECLARED_SELECTOR = YES;
				GCC_WARN_UNINITIALIZED_AUTOS = YES_AGGRESSIVE;
				GCC_WARN_UNUSED_FUNCTION = YES;
				GCC_WARN_UNUSED_VARIABLE = YES;
				IPHONEOS_DEPLOYMENT_TARGET = 9.2;
				MTL_ENABLE_DEBUG_INFO = YES;
				ONLY_ACTIVE_ARCH = YES;
				SDKROOT = iphoneos;
				TARGETED_DEVICE_FAMILY = "1,2";
			};
			name = Debug;
		};
		711A416B1D17B931009F2B56 /* Release */ = {
			isa = XCBuildConfiguration;
			buildSettings = {
				ALWAYS_SEARCH_USER_PATHS = NO;
				CLANG_CXX_LANGUAGE_STANDARD = "gnu++0x";
				CLANG_CXX_LIBRARY = "libc++";
				CLANG_ENABLE_MODULES = YES;
				CLANG_ENABLE_OBJC_ARC = YES;
				CLANG_WARN_BOOL_CONVERSION = YES;
				CLANG_WARN_CONSTANT_CONVERSION = YES;
				CLANG_WARN_DIRECT_OBJC_ISA_USAGE = YES_ERROR;
				CLANG_WARN_EMPTY_BODY = YES;
				CLANG_WARN_ENUM_CONVERSION = YES;
				CLANG_WARN_INT_CONVERSION = YES;
				CLANG_WARN_OBJC_ROOT_CLASS = YES_ERROR;
				CLANG_WARN_UNREACHABLE_CODE = YES;
				CLANG_WARN__DUPLICATE_METHOD_MATCH = YES;
				"CODE_SIGN_IDENTITY[sdk=iphoneos*]" = "iPhone Developer";
				COPY_PHASE_STRIP = NO;
				DEBUG_INFORMATION_FORMAT = "dwarf-with-dsym";
				ENABLE_NS_ASSERTIONS = NO;
				ENABLE_STRICT_OBJC_MSGSEND = YES;
				GCC_C_LANGUAGE_STANDARD = gnu99;
				GCC_NO_COMMON_BLOCKS = YES;
				GCC_WARN_64_TO_32_BIT_CONVERSION = YES;
				GCC_WARN_ABOUT_RETURN_TYPE = YES_ERROR;
				GCC_WARN_UNDECLARED_SELECTOR = YES;
				GCC_WARN_UNINITIALIZED_AUTOS = YES_AGGRESSIVE;
				GCC_WARN_UNUSED_FUNCTION = YES;
				GCC_WARN_UNUSED_VARIABLE = YES;
				IPHONEOS_DEPLOYMENT_TARGET = 9.2;
				MTL_ENABLE_DEBUG_INFO = NO;
				SDKROOT = iphoneos;
				TARGETED_DEVICE_FAMILY = "1,2";
				VALIDATE_PRODUCT = YES;
			};
			name = Release;
		};
		711A416D1D17B931009F2B56 /* Debug */ = {
			isa = XCBuildConfiguration;
			baseConfigurationReference = BAF54B3EC0C15CFC76A4FDB8 /* Pods-AuthorityOfCameraAndPhoto.debug.xcconfig */;
			buildSettings = {
				ASSETCATALOG_COMPILER_APPICON_NAME = AppIcon;
				INFOPLIST_FILE = AuthorityOfCameraAndPhoto/Info.plist;
				LD_RUNPATH_SEARCH_PATHS = "$(inherited) @executable_path/Frameworks";
				PRODUCT_BUNDLE_IDENTIFIER = com.chenyufengweb.AuthorityOfCameraAndPhoto;
				PRODUCT_NAME = "$(TARGET_NAME)";
			};
			name = Debug;
		};
		711A416E1D17B931009F2B56 /* Release */ = {
			isa = XCBuildConfiguration;
			baseConfigurationReference = A849189F57189D59B68B58DF /* Pods-AuthorityOfCameraAndPhoto.release.xcconfig */;
			buildSettings = {
				ASSETCATALOG_COMPILER_APPICON_NAME = AppIcon;
				INFOPLIST_FILE = AuthorityOfCameraAndPhoto/Info.plist;
				LD_RUNPATH_SEARCH_PATHS = "$(inherited) @executable_path/Frameworks";
				PRODUCT_BUNDLE_IDENTIFIER = com.chenyufengweb.AuthorityOfCameraAndPhoto;
				PRODUCT_NAME = "$(TARGET_NAME)";
			};
			name = Release;
		};
/* End XCBuildConfiguration section */

/* Begin XCConfigurationList section */
		711A41501D17B931009F2B56 /* Build configuration list for PBXProject "AuthorityOfCameraAndPhoto" */ = {
			isa = XCConfigurationList;
			buildConfigurations = (
				711A416A1D17B931009F2B56 /* Debug */,
				711A416B1D17B931009F2B56 /* Release */,
			);
			defaultConfigurationIsVisible = 0;
			defaultConfigurationName = Release;
		};
		711A416C1D17B931009F2B56 /* Build configuration list for PBXNativeTarget "AuthorityOfCameraAndPhoto" */ = {
			isa = XCConfigurationList;
			buildConfigurations = (
				711A416D1D17B931009F2B56 /* Debug */,
				711A416E1D17B931009F2B56 /* Release */,
			);
			defaultConfigurationIsVisible = 0;
			defaultConfigurationName = Release;
		};
/* End XCConfigurationList section */
	};
	rootObject = 711A414D1D17B931009F2B56 /* Project object */;
}
